{
  "name": "Bookshop",
  "version": "1.0.0",
  "lockfileVersion": 1,
  "requires": true,
  "dependencies": {
    "@sap/ux-specification": {
      "version": "1.90.19",
      "resolved": "http://nginx-redirector.repo-cache.svc.cluster.local/repository/appstudio-npm-group/@sap/ux-specification/-/ux-specification-1.90.19.tgz",
      "integrity": "sha512-N9TaAzO2EpyxKFmzXJRvxk4JJEcoAqcCz5dUZKJOJ8YsUw5oGusAxOJYD2SCWreoqktZLCjOKJ38wHvZGD1ZWA==",
      "dev": true
    }
  }
}
